
Microsoft Visual Studio Solution File, Format Version 12.00
# Visual Studio Version 17
VisualStudioVersion = 17.6.33723.286
MinimumVisualStudioVersion = 10.0.40219.1
Project("{FAE04EC0-301F-11D3-BF4B-00C04F79EFBC}") = "LABRADSAB01.Android", "LABRADSAB01\LABRADSAB01.Android\LABRADSAB01.Android.csproj", "{4028E49D-1D45-421B-B90C-BF0FE3D6F92A}"
EndProject
Project("{FAE04EC0-301F-11D3-BF4B-00C04F79EFBC}") = "LABRADSAB01", "LABRADSAB01\LABRADSAB01\LABRADSAB01.csproj", "{A72A1F26-3FFF-4A31-B52A-68E3A0EA7A73}"
EndProject
Global
	GlobalSection(SolutionConfigurationPlatforms) = preSolution
		Debug|Any CPU = Debug|Any CPU
		Release|Any CPU = Release|Any CPU
	EndGlobalSection
	GlobalSection(ProjectConfigurationPlatforms) = postSolution
		{4028E49D-1D45-421B-B90C-BF0FE3D6F92A}.Debug|Any CPU.ActiveCfg = Debug|Any CPU
		{4028E49D-1D45-421B-B90C-BF0FE3D6F92A}.Debug|Any CPU.Build.0 = Debug|Any CPU
		{4028E49D-1D45-421B-B90C-BF0FE3D6F92A}.Debug|Any CPU.Deploy.0 = Debug|Any CPU
		{4028E49D-1D45-421B-B90C-BF0FE3D6F92A}.Release|Any CPU.ActiveCfg = Release|Any CPU
		{4028E49D-1D45-421B-B90C-BF0FE3D6F92A}.Release|Any CPU.Build.0 = Release|Any CPU
		{4028E49D-1D45-421B-B90C-BF0FE3D6F92A}.Release|Any CPU.Deploy.0 = Release|Any CPU
		{A72A1F26-3FFF-4A31-B52A-68E3A0EA7A73}.Debug|Any CPU.ActiveCfg = Debug|Any CPU
		{A72A1F26-3FFF-4A31-B52A-68E3A0EA7A73}.Debug|Any CPU.Build.0 = Debug|Any CPU
		{A72A1F26-3FFF-4A31-B52A-68E3A0EA7A73}.Debug|Any CPU.Deploy.0 = Debug|Any CPU
		{A72A1F26-3FFF-4A31-B52A-68E3A0EA7A73}.Release|Any CPU.ActiveCfg = Release|Any CPU
		{A72A1F26-3FFF-4A31-B52A-68E3A0EA7A73}.Release|Any CPU.Build.0 = Release|Any CPU
		{A72A1F26-3FFF-4A31-B52A-68E3A0EA7A73}.Release|Any CPU.Deploy.0 = Release|Any CPU
	EndGlobalSection
	GlobalSection(SolutionProperties) = preSolution
		HideSolutionNode = FALSE
	EndGlobalSection
	GlobalSection(ExtensibilityGlobals) = postSolution
		SolutionGuid = {2831813B-9DF6-4AB6-A9D1-A5A876063BBF}
	EndGlobalSection
EndGlobal
